// !$*UTF8*$!
{
	archiveVersion = 1;
	classes = {
	};
	objectVersion = 50;
	objects = {

/* Begin PBXBuildFile section */
		92E2601027B62769007C0B70 /* AppDelegate.swift in Sources */ = {isa = PBXBuildFile; fileRef = 92E2600F27B62769007C0B70 /* AppDelegate.swift */; };
		92E2601227B62769007C0B70 /* SceneDelegate.swift in Sources */ = {isa = PBXBuildFile; fileRef = 92E2601127B62769007C0B70 /* SceneDelegate.swift */; };
		92E2601427B62769007C0B70 /* ViewController.swift in Sources */ = {isa = PBXBuildFile; fileRef = 92E2601327B62769007C0B70 /* ViewController.swift */; };
		92E2601727B62769007C0B70 /* Main.storyboard in Resources */ = {isa = PBXBuildFile; fileRef = 92E2601527B62769007C0B70 /* Main.storyboard */; };
		92E2601A27B62769007C0B70 /* Neo_Product_Demo_Assignment.xcdatamodeld in Sources */ = {isa = PBXBuildFile; fileRef = 92E2601827B62769007C0B70 /* Neo_Product_Demo_Assignment.xcdatamodeld */; };
		92E2601C27B6276E007C0B70 /* Assets.xcassets in Resources */ = {isa = PBXBuildFile; fileRef = 92E2601B27B6276E007C0B70 /* Assets.xcassets */; };
		92E2601F27B6276E007C0B70 /* LaunchScreen.storyboard in Resources */ = {isa = PBXBuildFile; fileRef = 92E2601D27B6276E007C0B70 /* LaunchScreen.storyboard */; };
		92E2602A27B6276F007C0B70 /* Neo_Product_Demo_AssignmentTests.swift in Sources */ = {isa = PBXBuildFile; fileRef = 92E2602927B6276F007C0B70 /* Neo_Product_Demo_AssignmentTests.swift */; };
		92E2603527B6276F007C0B70 /* Neo_Product_Demo_AssignmentUITests.swift in Sources */ = {isa = PBXBuildFile; fileRef = 92E2603427B6276F007C0B70 /* Neo_Product_Demo_AssignmentUITests.swift */; };
/* End PBXBuildFile section */

/* Begin PBXContainerItemProxy section */
		92E2602627B6276F007C0B70 /* PBXContainerItemProxy */ = {
			isa = PBXContainerItemProxy;
			containerPortal = 92E2600427B62769007C0B70 /* Project object */;
			proxyType = 1;
			remoteGlobalIDString = 92E2600B27B62769007C0B70;
			remoteInfo = "Neo Product Demo Assignment";
		};
		92E2603127B6276F007C0B70 /* PBXContainerItemProxy */ = {
			isa = PBXContainerItemProxy;
			containerPortal = 92E2600427B62769007C0B70 /* Project object */;
			proxyType = 1;
			remoteGlobalIDString = 92E2600B27B62769007C0B70;
			remoteInfo = "Neo Product Demo Assignment";
		};
/* End PBXContainerItemProxy section */

/* Begin PBXFileReference section */
		92E2600C27B62769007C0B70 /* Neo Product Demo Assignment.app */ = {isa = PBXFileReference; explicitFileType = wrapper.application; includeInIndex = 0; path = "Neo Product Demo Assignment.app"; sourceTree = BUILT_PRODUCTS_DIR; };
		92E2600F27B62769007C0B70 /* AppDelegate.swift */ = {isa = PBXFileReference; lastKnownFileType = sourcecode.swift; path = AppDelegate.swift; sourceTree = "<group>"; };
		92E2601127B62769007C0B70 /* SceneDelegate.swift */ = {isa = PBXFileReference; lastKnownFileType = sourcecode.swift; path = SceneDelegate.swift; sourceTree = "<group>"; };
		92E2601327B62769007C0B70 /* ViewController.swift */ = {isa = PBXFileReference; lastKnownFileType = sourcecode.swift; path = ViewController.swift; sourceTree = "<group>"; };
		92E2601627B62769007C0B70 /* Base */ = {isa = PBXFileReference; lastKnownFileType = file.storyboard; name = Base; path = Base.lproj/Main.storyboard; sourceTree = "<group>"; };
		92E2601927B62769007C0B70 /* Neo_Product_Demo_Assignment.xcdatamodel */ = {isa = PBXFileReference; lastKnownFileType = wrapper.xcdatamodel; path = Neo_Product_Demo_Assignment.xcdatamodel; sourceTree = "<group>"; };
		92E2601B27B6276E007C0B70 /* Assets.xcassets */ = {isa = PBXFileReference; lastKnownFileType = folder.assetcatalog; path = Assets.xcassets; sourceTree = "<group>"; };
		92E2601E27B6276E007C0B70 /* Base */ = {isa = PBXFileReference; lastKnownFileType = file.storyboard; name = Base; path = Base.lproj/LaunchScreen.storyboard; sourceTree = "<group>"; };
		92E2602027B6276E007C0B70 /* Info.plist */ = {isa = PBXFileReference; lastKnownFileType = text.plist.xml; path = Info.plist; sourceTree = "<group>"; };
		92E2602527B6276F007C0B70 /* Neo Product Demo AssignmentTests.xctest */ = {isa = PBXFileReference; explicitFileType = wrapper.cfbundle; includeInIndex = 0; path = "Neo Product Demo AssignmentTests.xctest"; sourceTree = BUILT_PRODUCTS_DIR; };
		92E2602927B6276F007C0B70 /* Neo_Product_Demo_AssignmentTests.swift */ = {isa = PBXFileReference; lastKnownFileType = sourcecode.swift; path = Neo_Product_Demo_AssignmentTests.swift; sourceTree = "<group>"; };
		92E2602B27B6276F007C0B70 /* Info.plist */ = {isa = PBXFileReference; lastKnownFileType = text.plist.xml; path = Info.plist; sourceTree = "<group>"; };
		92E2603027B6276F007C0B70 /* Neo Product Demo AssignmentUITests.xctest */ = {isa = PBXFileReference; explicitFileType = wrapper.cfbundle; includeInIndex = 0; path = "Neo Product Demo AssignmentUITests.xctest"; sourceTree = BUILT_PRODUCTS_DIR; };
		92E2603427B6276F007C0B70 /* Neo_Product_Demo_AssignmentUITests.swift */ = {isa = PBXFileReference; lastKnownFileType = sourcecode.swift; path = Neo_Product_Demo_AssignmentUITests.swift; sourceTree = "<group>"; };
		92E2603627B6276F007C0B70 /* Info.plist */ = {isa = PBXFileReference; lastKnownFileType = text.plist.xml; path = Info.plist; sourceTree = "<group>"; };
/* End PBXFileReference section */

/* Begin PBXFrameworksBuildPhase section */
		92E2600927B62769007C0B70 /* Frameworks */ = {
			isa = PBXFrameworksBuildPhase;
			buildActionMask = 2147483647;
			files = (
			);
			runOnlyForDeploymentPostprocessing = 0;
		};
		92E2602227B6276F007C0B70 /* Frameworks */ = {
			isa = PBXFrameworksBuildPhase;
			buildActionMask = 2147483647;
			files = (
			);
			runOnlyForDeploymentPostprocessing = 0;
		};
		92E2602D27B6276F007C0B70 /* Frameworks */ = {
			isa = PBXFrameworksBuildPhase;
			buildActionMask = 2147483647;
			files = (
			);
			runOnlyForDeploymentPostprocessing = 0;
		};
/* End PBXFrameworksBuildPhase section */

/* Begin PBXGroup section */
		92E2600327B62769007C0B70 = {
			isa = PBXGroup;
			children = (
				92E2600E27B62769007C0B70 /* Neo Product Demo Assignment */,
				92E2602827B6276F007C0B70 /* Neo Product Demo AssignmentTests */,
				92E2603327B6276F007C0B70 /* Neo Product Demo AssignmentUITests */,
				92E2600D27B62769007C0B70 /* Products */,
			);
			sourceTree = "<group>";
		};
		92E2600D27B62769007C0B70 /* Products */ = {
			isa = PBXGroup;
			children = (
				92E2600C27B62769007C0B70 /* Neo Product Demo Assignment.app */,
				92E2602527B6276F007C0B70 /* Neo Product Demo AssignmentTests.xctest */,
				92E2603027B6276F007C0B70 /* Neo Product Demo AssignmentUITests.xctest */,
			);
			name = Products;
			sourceTree = "<group>";
		};
		92E2600E27B62769007C0B70 /* Neo Product Demo Assignment */ = {
			isa = PBXGroup;
			children = (
				92E2600F27B62769007C0B70 /* AppDelegate.swift */,
				92E2601127B62769007C0B70 /* SceneDelegate.swift */,
				92E2601327B62769007C0B70 /* ViewController.swift */,
				92E2601527B62769007C0B70 /* Main.storyboard */,
				92E2601B27B6276E007C0B70 /* Assets.xcassets */,
				92E2601D27B6276E007C0B70 /* LaunchScreen.storyboard */,
				92E2602027B6276E007C0B70 /* Info.plist */,
				92E2601827B62769007C0B70 /* Neo_Product_Demo_Assignment.xcdatamodeld */,
			);
			path = "Neo Product Demo Assignment";
			sourceTree = "<group>";
		};
		92E2602827B6276F007C0B70 /* Neo Product Demo AssignmentTests */ = {
			isa = PBXGroup;
			children = (
				92E2602927B6276F007C0B70 /* Neo_Product_Demo_AssignmentTests.swift */,
				92E2602B27B6276F007C0B70 /* Info.plist */,
			);
			path = "Neo Product Demo AssignmentTests";
			sourceTree = "<group>";
		};
		92E2603327B6276F007C0B70 /* Neo Product Demo AssignmentUITests */ = {
			isa = PBXGroup;
			children = (
				92E2603427B6276F007C0B70 /* Neo_Product_Demo_AssignmentUITests.swift */,
				92E2603627B6276F007C0B70 /* Info.plist */,
			);
			path = "Neo Product Demo AssignmentUITests";
			sourceTree = "<group>";
		};
/* End PBXGroup section */

/* Begin PBXNativeTarget section */
		92E2600B27B62769007C0B70 /* Neo Product Demo Assignment */ = {
			isa = PBXNativeTarget;
			buildConfigurationList = 92E2603927B6276F007C0B70 /* Build configuration list for PBXNativeTarget "Neo Product Demo Assignment" */;
			buildPhases = (
				92E2600827B62769007C0B70 /* Sources */,
				92E2600927B62769007C0B70 /* Frameworks */,
				92E2600A27B62769007C0B70 /* Resources */,
			);
			buildRules = (
			);
			dependencies = (
			);
			name = "Neo Product Demo Assignment";
			productName = "Neo Product Demo Assignment";
			productReference = 92E2600C27B62769007C0B70 /* Neo Product Demo Assignment.app */;
			productType = "com.apple.product-type.application";
		};
		92E2602427B6276F007C0B70 /* Neo Product Demo AssignmentTests */ = {
			isa = PBXNativeTarget;
			buildConfigurationList = 92E2603C27B6276F007C0B70 /* Build configuration list for PBXNativeTarget "Neo Product Demo AssignmentTests" */;
			buildPhases = (
				92E2602127B6276F007C0B70 /* Sources */,
				92E2602227B6276F007C0B70 /* Frameworks */,
				92E2602327B6276F007C0B70 /* Resources */,
			);
			buildRules = (
			);
			dependencies = (
				92E2602727B6276F007C0B70 /* PBXTargetDependency */,
			);
			name = "Neo Product Demo AssignmentTests";
			productName = "Neo Product Demo AssignmentTests";
			productReference = 92E2602527B6276F007C0B70 /* Neo Product Demo AssignmentTests.xctest */;
			productType = "com.apple.product-type.bundle.unit-test";
		};
		92E2602F27B6276F007C0B70 /* Neo Product Demo AssignmentUITests */ = {
			isa = PBXNativeTarget;
			buildConfigurationList = 92E2603F27B6276F007C0B70 /* Build configuration list for PBXNativeTarget "Neo Product Demo AssignmentUITests" */;
			buildPhases = (
				92E2602C27B6276F007C0B70 /* Sources */,
				92E2602D27B6276F007C0B70 /* Frameworks */,
				92E2602E27B6276F007C0B70 /* Resources */,
			);
			buildRules = (
			);
			dependencies = (
				92E2603227B6276F007C0B70 /* PBXTargetDependency */,
			);
			name = "Neo Product Demo AssignmentUITests";
			productName = "Neo Product Demo AssignmentUITests";
			productReference = 92E2603027B6276F007C0B70 /* Neo Product Demo AssignmentUITests.xctest */;
			productType = "com.apple.product-type.bundle.ui-testing";
		};
/* End PBXNativeTarget section */

/* Begin PBXProject section */
		92E2600427B62769007C0B70 /* Project object */ = {
			isa = PBXProject;
			attributes = {
				LastSwiftUpdateCheck = 1250;
				LastUpgradeCheck = 1250;
				TargetAttributes = {
					92E2600B27B62769007C0B70 = {
						CreatedOnToolsVersion = 12.5.1;
					};
					92E2602427B6276F007C0B70 = {
						CreatedOnToolsVersion = 12.5.1;
						TestTargetID = 92E2600B27B62769007C0B70;
					};
					92E2602F27B6276F007C0B70 = {
						CreatedOnToolsVersion = 12.5.1;
						TestTargetID = 92E2600B27B62769007C0B70;
					};
				};
			};
			buildConfigurationList = 92E2600727B62769007C0B70 /* Build configuration list for PBXProject "Neo Product Demo Assignment" */;
			compatibilityVersion = "Xcode 9.3";
			developmentRegion = en;
			hasScannedForEncodings = 0;
			knownRegions = (
				en,
				Base,
			);
			mainGroup = 92E2600327B62769007C0B70;
			productRefGroup = 92E2600D27B62769007C0B70 /* Products */;
			projectDirPath = "";
			projectRoot = "";
			targets = (
				92E2600B27B62769007C0B70 /* Neo Product Demo Assignment */,
				92E2602427B6276F007C0B70 /* Neo Product Demo AssignmentTests */,
				92E2602F27B6276F007C0B70 /* Neo Product Demo AssignmentUITests */,
			);
		};
/* End PBXProject section */

/* Begin PBXResourcesBuildPhase section */
		92E2600A27B62769007C0B70 /* Resources */ = {
			isa = PBXResourcesBuildPhase;
			buildActionMask = 2147483647;
			files = (
				92E2601F27B6276E007C0B70 /* LaunchScreen.storyboard in Resources */,
				92E2601C27B6276E007C0B70 /* Assets.xcassets in Resources */,
				92E2601727B62769007C0B70 /* Main.storyboard in Resources */,
			);
			runOnlyForDeploymentPostprocessing = 0;
		};
		92E2602327B6276F007C0B70 /* Resources */ = {
			isa = PBXResourcesBuildPhase;
			buildActionMask = 2147483647;
			files = (
			);
			runOnlyForDeploymentPostprocessing = 0;
		};
		92E2602E27B6276F007C0B70 /* Resources */ = {
			isa = PBXResourcesBuildPhase;
			buildActionMask = 2147483647;
			files = (
			);
			runOnlyForDeploymentPostprocessing = 0;
		};
/* End PBXResourcesBuildPhase section */

/* Begin PBXSourcesBuildPhase section */
		92E2600827B62769007C0B70 /* Sources */ = {
			isa = PBXSourcesBuildPhase;
			buildActionMask = 2147483647;
			files = (
				92E2601427B62769007C0B70 /* ViewController.swift in Sources */,
				92E2601027B62769007C0B70 /* AppDelegate.swift in Sources */,
				92E2601A27B62769007C0B70 /* Neo_Product_Demo_Assignment.xcdatamodeld in Sources */,
				92E2601227B62769007C0B70 /* SceneDelegate.swift in Sources */,
			);
			runOnlyForDeploymentPostprocessing = 0;
		};
		92E2602127B6276F007C0B70 /* Sources */ = {
			isa = PBXSourcesBuildPhase;
			buildActionMask = 2147483647;
			files = (
				92E2602A27B6276F007C0B70 /* Neo_Product_Demo_AssignmentTests.swift in Sources */,
			);
			runOnlyForDeploymentPostprocessing = 0;
		};
		92E2602C27B6276F007C0B70 /* Sources */ = {
			isa = PBXSourcesBuildPhase;
			buildActionMask = 2147483647;
			files = (
				92E2603527B6276F007C0B70 /* Neo_Product_Demo_AssignmentUITests.swift in Sources */,
			);
			runOnlyForDeploymentPostprocessing = 0;
		};
/* End PBXSourcesBuildPhase section */

/* Begin PBXTargetDependency section */
		92E2602727B6276F007C0B70 /* PBXTargetDependency */ = {
			isa = PBXTargetDependency;
			target = 92E2600B27B62769007C0B70 /* Neo Product Demo Assignment */;
			targetProxy = 92E2602627B6276F007C0B70 /* PBXContainerItemProxy */;
		};
		92E2603227B6276F007C0B70 /* PBXTargetDependency */ = {
			isa = PBXTargetDependency;
			target = 92E2600B27B62769007C0B70 /* Neo Product Demo Assignment */;
			targetProxy = 92E2603127B6276F007C0B70 /* PBXContainerItemProxy */;
		};
/* End PBXTargetDependency section */

/* Begin PBXVariantGroup section */
		92E2601527B62769007C0B70 /* Main.storyboard */ = {
			isa = PBXVariantGroup;
			children = (
				92E2601627B62769007C0B70 /* Base */,
			);
			name = Main.storyboard;
			sourceTree = "<group>";
		};
		92E2601D27B6276E007C0B70 /* LaunchScreen.storyboard */ = {
			isa = PBXVariantGroup;
			children = (
				92E2601E27B6276E007C0B70 /* Base */,
			);
			name = LaunchScreen.storyboard;
			sourceTree = "<group>";
		};
/* End PBXVariantGroup section */

/* Begin XCBuildConfiguration section */
		92E2603727B6276F007C0B70 /* Debug */ = {
			isa = XCBuildConfiguration;
			buildSettings = {
				ALWAYS_SEARCH_USER_PATHS = NO;
				CLANG_ANALYZER_NONNULL = YES;
				CLANG_ANALYZER_NUMBER_OBJECT_CONVERSION = YES_AGGRESSIVE;
				CLANG_CXX_LANGUAGE_STANDARD = "gnu++14";
				CLANG_CXX_LIBRARY = "libc++";
				CLANG_ENABLE_MODULES = YES;
				CLANG_ENABLE_OBJC_ARC = YES;
				CLANG_ENABLE_OBJC_WEAK = YES;
				CLANG_WARN_BLOCK_CAPTURE_AUTORELEASING = YES;
				CLANG_WARN_BOOL_CONVERSION = YES;
				CLANG_WARN_COMMA = YES;
				CLANG_WARN_CONSTANT_CONVERSION = YES;
				CLANG_WARN_DEPRECATED_OBJC_IMPLEMENTATIONS = YES;
				CLANG_WARN_DIRECT_OBJC_ISA_USAGE = YES_ERROR;
				CLANG_WARN_DOCUMENTATION_COMMENTS = YES;
				CLANG_WARN_EMPTY_BODY = YES;
				CLANG_WARN_ENUM_CONVERSION = YES;
				CLANG_WARN_INFINITE_RECURSION = YES;
				CLANG_WARN_INT_CONVERSION = YES;
				CLANG_WARN_NON_LITERAL_NULL_CONVERSION = YES;
				CLANG_WARN_OBJC_IMPLICIT_RETAIN_SELF = YES;
				CLANG_WARN_OBJC_LITERAL_CONVERSION = YES;
				CLANG_WARN_OBJC_ROOT_CLASS = YES_ERROR;
				CLANG_WARN_QUOTED_INCLUDE_IN_FRAMEWORK_HEADER = YES;
				CLANG_WARN_RANGE_LOOP_ANALYSIS = YES;
				CLANG_WARN_STRICT_PROTOTYPES = YES;
				CLANG_WARN_SUSPICIOUS_MOVE = YES;
				CLANG_WARN_UNGUARDED_AVAILABILITY = YES_AGGRESSIVE;
				CLANG_WARN_UNREACHABLE_CODE = YES;
				CLANG_WARN__DUPLICATE_METHOD_MATCH = YES;
				COPY_PHASE_STRIP = NO;
				DEBUG_INFORMATION_FORMAT = dwarf;
				ENABLE_STRICT_OBJC_MSGSEND = YES;
				ENABLE_TESTABILITY = YES;
				GCC_C_LANGUAGE_STANDARD = gnu11;
				GCC_DYNAMIC_NO_PIC = NO;
				GCC_NO_COMMON_BLOCKS = YES;
				GCC_OPTIMIZATION_LEVEL = 0;
				GCC_PREPROCESSOR_DEFINITIONS = (
					"DEBUG=1",
					"$(inherited)",
				);
				GCC_WARN_64_TO_32_BIT_CONVERSION = YES;
				GCC_WARN_ABOUT_RETURN_TYPE = YES_ERROR;
				GCC_WARN_UNDECLARED_SELECTOR = YES;
				GCC_WARN_UNINITIALIZED_AUTOS = YES_AGGRESSIVE;
				GCC_WARN_UNUSED_FUNCTION = YES;
				GCC_WARN_UNUSED_VARIABLE = YES;
				IPHONEOS_DEPLOYMENT_TARGET = 14.5;
				MTL_ENABLE_DEBUG_INFO = INCLUDE_SOURCE;
				MTL_FAST_MATH = YES;
				ONLY_ACTIVE_ARCH = YES;
				SDKROOT = iphoneos;
				SWIFT_ACTIVE_COMPILATION_CONDITIONS = DEBUG;
				SWIFT_OPTIMIZATION_LEVEL = "-Onone";
			};
			name = Debug;
		};
		92E2603827B6276F007C0B70 /* Release */ = {
			isa = XCBuildConfiguration;
			buildSettings = {
				ALWAYS_SEARCH_USER_PATHS = NO;
				CLANG_ANALYZER_NONNULL = YES;
				CLANG_ANALYZER_NUMBER_OBJECT_CONVERSION = YES_AGGRESSIVE;
				CLANG_CXX_LANGUAGE_STANDARD = "gnu++14";
				CLANG_CXX_LIBRARY = "libc++";
				CLANG_ENABLE_MODULES = YES;
				CLANG_ENABLE_OBJC_ARC = YES;
				CLANG_ENABLE_OBJC_WEAK = YES;
				CLANG_WARN_BLOCK_CAPTURE_AUTORELEASING = YES;
				CLANG_WARN_BOOL_CONVERSION = YES;
				CLANG_WARN_COMMA = YES;
				CLANG_WARN_CONSTANT_CONVERSION = YES;
				CLANG_WARN_DEPRECATED_OBJC_IMPLEMENTATIONS = YES;
				CLANG_WARN_DIRECT_OBJC_ISA_USAGE = YES_ERROR;
				CLANG_WARN_DOCUMENTATION_COMMENTS = YES;
				CLANG_WARN_EMPTY_BODY = YES;
				CLANG_WARN_ENUM_CONVERSION = YES;
				CLANG_WARN_INFINITE_RECURSION = YES;
				CLANG_WARN_INT_CONVERSION = YES;
				CLANG_WARN_NON_LITERAL_NULL_CONVERSION = YES;
				CLANG_WARN_OBJC_IMPLICIT_RETAIN_SELF = YES;
				CLANG_WARN_OBJC_LITERAL_CONVERSION = YES;
				CLANG_WARN_OBJC_ROOT_CLASS = YES_ERROR;
				CLANG_WARN_QUOTED_INCLUDE_IN_FRAMEWORK_HEADER = YES;
				CLANG_WARN_RANGE_LOOP_ANALYSIS = YES;
				CLANG_WARN_STRICT_PROTOTYPES = YES;
				CLANG_WARN_SUSPICIOUS_MOVE = YES;
				CLANG_WARN_UNGUARDED_AVAILABILITY = YES_AGGRESSIVE;
				CLANG_WARN_UNREACHABLE_CODE = YES;
				CLANG_WARN__DUPLICATE_METHOD_MATCH = YES;
				COPY_PHASE_STRIP = NO;
				DEBUG_INFORMATION_FORMAT = "dwarf-with-dsym";
				ENABLE_NS_ASSERTIONS = NO;
				ENABLE_STRICT_OBJC_MSGSEND = YES;
				GCC_C_LANGUAGE_STANDARD = gnu11;
				GCC_NO_COMMON_BLOCKS = YES;
				GCC_WARN_64_TO_32_BIT_CONVERSION = YES;
				GCC_WARN_ABOUT_RETURN_TYPE = YES_ERROR;
				GCC_WARN_UNDECLARED_SELECTOR = YES;
				GCC_WARN_UNINITIALIZED_AUTOS = YES_AGGRESSIVE;
				GCC_WARN_UNUSED_FUNCTION = YES;
				GCC_WARN_UNUSED_VARIABLE = YES;
				IPHONEOS_DEPLOYMENT_TARGET = 14.5;
				MTL_ENABLE_DEBUG_INFO = NO;
				MTL_FAST_MATH = YES;
				SDKROOT = iphoneos;
				SWIFT_COMPILATION_MODE = wholemodule;
				SWIFT_OPTIMIZATION_LEVEL = "-O";
				VALIDATE_PRODUCT = YES;
			};
			name = Release;
		};
		92E2603A27B6276F007C0B70 /* Debug */ = {
			isa = XCBuildConfiguration;
			buildSettings = {
				ASSETCATALOG_COMPILER_APPICON_NAME = AppIcon;
				ASSETCATALOG_COMPILER_GLOBAL_ACCENT_COLOR_NAME = AccentColor;
				CODE_SIGN_STYLE = Automatic;
				INFOPLIST_FILE = "Neo Product Demo Assignment/Info.plist";
				LD_RUNPATH_SEARCH_PATHS = (
					"$(inherited)",
					"@executable_path/Frameworks",
				);
				PRODUCT_BUNDLE_IDENTIFIER = "neosoft.Neo-Product-Demo-Assignment";
				PRODUCT_NAME = "$(TARGET_NAME)";
				SWIFT_VERSION = 5.0;
				TARGETED_DEVICE_FAMILY = "1,2";
			};
			name = Debug;
		};
		92E2603B27B6276F007C0B70 /* Release */ = {
			isa = XCBuildConfiguration;
			buildSettings = {
				ASSETCATALOG_COMPILER_APPICON_NAME = AppIcon;
				ASSETCATALOG_COMPILER_GLOBAL_ACCENT_COLOR_NAME = AccentColor;
				CODE_SIGN_STYLE = Automatic;
				INFOPLIST_FILE = "Neo Product Demo Assignment/Info.plist";
				LD_RUNPATH_SEARCH_PATHS = (
					"$(inherited)",
					"@executable_path/Frameworks",
				);
				PRODUCT_BUNDLE_IDENTIFIER = "neosoft.Neo-Product-Demo-Assignment";
				PRODUCT_NAME = "$(TARGET_NAME)";
				SWIFT_VERSION = 5.0;
				TARGETED_DEVICE_FAMILY = "1,2";
			};
			name = Release;
		};
		92E2603D27B6276F007C0B70 /* Debug */ = {
			isa = XCBuildConfiguration;
			buildSettings = {
				ALWAYS_EMBED_SWIFT_STANDARD_LIBRARIES = YES;
				BUNDLE_LOADER = "$(TEST_HOST)";
				CODE_SIGN_STYLE = Automatic;
				INFOPLIST_FILE = "Neo Product Demo AssignmentTests/Info.plist";
				IPHONEOS_DEPLOYMENT_TARGET = 14.5;
				LD_RUNPATH_SEARCH_PATHS = (
					"$(inherited)",
					"@executable_path/Frameworks",
					"@loader_path/Frameworks",
				);
				PRODUCT_BUNDLE_IDENTIFIER = "neosoft.Neo-Product-Demo-AssignmentTests";
				PRODUCT_NAME = "$(TARGET_NAME)";
				SWIFT_VERSION = 5.0;
				TARGETED_DEVICE_FAMILY = "1,2";
				TEST_HOST = "$(BUILT_PRODUCTS_DIR)/Neo Product Demo Assignment.app/Neo Product Demo Assignment";
			};
			name = Debug;
		};
		92E2603E27B6276F007C0B70 /* Release */ = {
			isa = XCBuildConfiguration;
			buildSettings = {
				ALWAYS_EMBED_SWIFT_STANDARD_LIBRARIES = YES;
				BUNDLE_LOADER = "$(TEST_HOST)";
				CODE_SIGN_STYLE = Automatic;
				INFOPLIST_FILE = "Neo Product Demo AssignmentTests/Info.plist";
				IPHONEOS_DEPLOYMENT_TARGET = 14.5;
				LD_RUNPATH_SEARCH_PATHS = (
					"$(inherited)",
					"@executable_path/Frameworks",
					"@loader_path/Frameworks",
				);
				PRODUCT_BUNDLE_IDENTIFIER = "neosoft.Neo-Product-Demo-AssignmentTests";
				PRODUCT_NAME = "$(TARGET_NAME)";
				SWIFT_VERSION = 5.0;
				TARGETED_DEVICE_FAMILY = "1,2";
				TEST_HOST = "$(BUILT_PRODUCTS_DIR)/Neo Product Demo Assignment.app/Neo Product Demo Assignment";
			};
			name = Release;
		};
		92E2604027B6276F007C0B70 /* Debug */ = {
			isa = XCBuildConfiguration;
			buildSettings = {
				ALWAYS_EMBED_SWIFT_STANDARD_LIBRARIES = YES;
				CODE_SIGN_STYLE = Automatic;
				INFOPLIST_FILE = "Neo Product Demo AssignmentUITests/Info.plist";
				LD_RUNPATH_SEARCH_PATHS = (
					"$(inherited)",
					"@executable_path/Frameworks",
					"@loader_path/Frameworks",
				);
				PRODUCT_BUNDLE_IDENTIFIER = "neosoft.Neo-Product-Demo-AssignmentUITests";
				PRODUCT_NAME = "$(TARGET_NAME)";
				SWIFT_VERSION = 5.0;
				TARGETED_DEVICE_FAMILY = "1,2";
				TEST_TARGET_NAME = "Neo Product Demo Assignment";
			};
			name = Debug;
		};
		92E2604127B6276F007C0B70 /* Release */ = {
			isa = XCBuildConfiguration;
			buildSettings = {
				ALWAYS_EMBED_SWIFT_STANDARD_LIBRARIES = YES;
				CODE_SIGN_STYLE = Automatic;
				INFOPLIST_FILE = "Neo Product Demo AssignmentUITests/Info.plist";
				LD_RUNPATH_SEARCH_PATHS = (
					"$(inherited)",
					"@executable_path/Frameworks",
					"@loader_path/Frameworks",
				);
				PRODUCT_BUNDLE_IDENTIFIER = "neosoft.Neo-Product-Demo-AssignmentUITests";
				PRODUCT_NAME = "$(TARGET_NAME)";
				SWIFT_VERSION = 5.0;
				TARGETED_DEVICE_FAMILY = "1,2";
				TEST_TARGET_NAME = "Neo Product Demo Assignment";
			};
			name = Release;
		};
/* End XCBuildConfiguration section */

/* Begin XCConfigurationList section */
		92E2600727B62769007C0B70 /* Build configuration list for PBXProject "Neo Product Demo Assignment" */ = {
			isa = XCConfigurationList;
			buildConfigurations = (
				92E2603727B6276F007C0B70 /* Debug */,
				92E2603827B6276F007C0B70 /* Release */,
			);
			defaultConfigurationIsVisible = 0;
			defaultConfigurationName = Release;
		};
		92E2603927B6276F007C0B70 /* Build configuration list for PBXNativeTarget "Neo Product Demo Assignment" */ = {
			isa = XCConfigurationList;
			buildConfigurations = (
				92E2603A27B6276F007C0B70 /* Debug */,
				92E2603B27B6276F007C0B70 /* Release */,
			);
			defaultConfigurationIsVisible = 0;
			defaultConfigurationName = Release;
		};
		92E2603C27B6276F007C0B70 /* Build configuration list for PBXNativeTarget "Neo Product Demo AssignmentTests" */ = {
			isa = XCConfigurationList;
			buildConfigurations = (
				92E2603D27B6276F007C0B70 /* Debug */,
				92E2603E27B6276F007C0B70 /* Release */,
			);
			defaultConfigurationIsVisible = 0;
			defaultConfigurationName = Release;
		};
		92E2603F27B6276F007C0B70 /* Build configuration list for PBXNativeTarget "Neo Product Demo AssignmentUITests" */ = {
			isa = XCConfigurationList;
			buildConfigurations = (
				92E2604027B6276F007C0B70 /* Debug */,
				92E2604127B6276F007C0B70 /* Release */,
			);
			defaultConfigurationIsVisible = 0;
			defaultConfigurationName = Release;
		};
/* End XCConfigurationList section */

/* Begin XCVersionGroup section */
		92E2601827B62769007C0B70 /* Neo_Product_Demo_Assignment.xcdatamodeld */ = {
			isa = XCVersionGroup;
			children = (
				92E2601927B62769007C0B70 /* Neo_Product_Demo_Assignment.xcdatamodel */,
			);
			currentVersion = 92E2601927B62769007C0B70 /* Neo_Product_Demo_Assignment.xcdatamodel */;
			path = Neo_Product_Demo_Assignment.xcdatamodeld;
			sourceTree = "<group>";
			versionGroupType = wrapper.xcdatamodel;
		};
/* End XCVersionGroup section */
	};
	rootObject = 92E2600427B62769007C0B70 /* Project object */;
}
